// !$*UTF8*$!
{
	archiveVersion = 1;
	classes = {
	};
	objectVersion = 46;
	objects = {

/* Begin PBXBuildFile section */
		9C36B09E1C3DB73F002B2120 /* InfoPopupView.swift in Sources */ = {isa = PBXBuildFile; fileRef = 9C36B09D1C3DB73F002B2120 /* InfoPopupView.swift */; };
		9C4F9ABE1C34D3EA00ED0400 /* Lab.swift in Sources */ = {isa = PBXBuildFile; fileRef = 9C4F9ABD1C34D3EA00ED0400 /* Lab.swift */; };
		9C4F9AC41C35A1BD00ED0400 /* LabTableViewCell.swift in Sources */ = {isa = PBXBuildFile; fileRef = 9C4F9AC31C35A1BD00ED0400 /* LabTableViewCell.swift */; };
		9C4F9AC61C35C73A00ED0400 /* CLTableView.swift in Sources */ = {isa = PBXBuildFile; fileRef = 9C4F9AC51C35C73A00ED0400 /* CLTableView.swift */; };
		9C4F9AC81C35D7D700ED0400 /* Constants.swift in Sources */ = {isa = PBXBuildFile; fileRef = 9C4F9AC71C35D7D700ED0400 /* Constants.swift */; };
		9C52EABB1C31D0FD007CC685 /* MainController.swift in Sources */ = {isa = PBXBuildFile; fileRef = 9C52EAB91C31D0FD007CC685 /* MainController.swift */; };
		9C52EABE1C31D1FA007CC685 /* ComputersViewController.swift in Sources */ = {isa = PBXBuildFile; fileRef = 9C52EABD1C31D1FA007CC685 /* ComputersViewController.swift */; };
		9C52EAC01C31D20B007CC685 /* PrintersViewController.swift in Sources */ = {isa = PBXBuildFile; fileRef = 9C52EABF1C31D20B007CC685 /* PrintersViewController.swift */; };
		9C52EAC21C31D214007CC685 /* LocationsViewController.swift in Sources */ = {isa = PBXBuildFile; fileRef = 9C52EAC11C31D214007CC685 /* LocationsViewController.swift */; };
		9C52EAC61C3211B8007CC685 /* LaunchScreen.xib in Resources */ = {isa = PBXBuildFile; fileRef = 9C52EAC51C3211B8007CC685 /* LaunchScreen.xib */; };
		9C5F180B1CC48B4400D10931 /* PrinterViewController.swift in Sources */ = {isa = PBXBuildFile; fileRef = 9C5F180A1CC48B4400D10931 /* PrinterViewController.swift */; };
		9C6A762E1CB20BDA00D9BC0B /* PrinterJobViewCell.swift in Sources */ = {isa = PBXBuildFile; fileRef = 9C6A762D1CB20BDA00D9BC0B /* PrinterJobViewCell.swift */; };
		9C7904C71C26650B00FFE0C6 /* AppDelegate.swift in Sources */ = {isa = PBXBuildFile; fileRef = 9C7904C61C26650B00FFE0C6 /* AppDelegate.swift */; };
		9C7904CE1C26650B00FFE0C6 /* Assets.xcassets in Resources */ = {isa = PBXBuildFile; fileRef = 9C7904CD1C26650B00FFE0C6 /* Assets.xcassets */; };
		9C7904DC1C26650B00FFE0C6 /* CDFLabsTests.swift in Sources */ = {isa = PBXBuildFile; fileRef = 9C7904DB1C26650B00FFE0C6 /* CDFLabsTests.swift */; };
		9C7904E71C26650B00FFE0C6 /* CDFLabsUITests.swift in Sources */ = {isa = PBXBuildFile; fileRef = 9C7904E61C26650B00FFE0C6 /* CDFLabsUITests.swift */; };
		9C7E5C9B1C33376800650437 /* Extensions.swift in Sources */ = {isa = PBXBuildFile; fileRef = 9C7E5C9A1C33376800650437 /* Extensions.swift */; };
		9CEA0FFA1C3864F9002B210C /* Printer.swift in Sources */ = {isa = PBXBuildFile; fileRef = 9CEA0FF91C3864F9002B210C /* Printer.swift */; };
		9CEA0FFC1C3865B6002B210C /* PrinterTableViewCell.swift in Sources */ = {isa = PBXBuildFile; fileRef = 9CEA0FFB1C3865B6002B210C /* PrinterTableViewCell.swift */; };
		9CEA0FFE1C39CAA8002B210C /* PrintJob.swift in Sources */ = {isa = PBXBuildFile; fileRef = 9CEA0FFD1C39CAA8002B210C /* PrintJob.swift */; };
		9CEC53FD1C3C40AA00A4234A /* BahenLocationViewCell.swift in Sources */ = {isa = PBXBuildFile; fileRef = 9CEC53FC1C3C40AA00A4234A /* BahenLocationViewCell.swift */; };
		9CEC53FF1C3C40B500A4234A /* NXLocationViewCell.swift in Sources */ = {isa = PBXBuildFile; fileRef = 9CEC53FE1C3C40B500A4234A /* NXLocationViewCell.swift */; };
		C2EABE2AC0DFB7A235027B94 /* Pods_CDFLabs.framework in Frameworks */ = {isa = PBXBuildFile; fileRef = C3D787C4EAFA302CFB8E3EEA /* Pods_CDFLabs.framework */; };
/* End PBXBuildFile section */

/* Begin PBXContainerItemProxy section */
		9C7904D81C26650B00FFE0C6 /* PBXContainerItemProxy */ = {
			isa = PBXContainerItemProxy;
			containerPortal = 9C7904BB1C26650B00FFE0C6 /* Project object */;
			proxyType = 1;
			remoteGlobalIDString = 9C7904C21C26650B00FFE0C6;
			remoteInfo = CDFLabs;
		};
		9C7904E31C26650B00FFE0C6 /* PBXContainerItemProxy */ = {
			isa = PBXContainerItemProxy;
			containerPortal = 9C7904BB1C26650B00FFE0C6 /* Project object */;
			proxyType = 1;
			remoteGlobalIDString = 9C7904C21C26650B00FFE0C6;
			remoteInfo = CDFLabs;
		};
/* End PBXContainerItemProxy section */

/* Begin PBXFileReference section */
		1E51D842B413DB9E78A473B2 /* Pods-CDFLabs.release.xcconfig */ = {isa = PBXFileReference; includeInIndex = 1; lastKnownFileType = text.xcconfig; name = "Pods-CDFLabs.release.xcconfig"; path = "Pods/Target Support Files/Pods-CDFLabs/Pods-CDFLabs.release.xcconfig"; sourceTree = "<group>"; };
		9C36B09D1C3DB73F002B2120 /* InfoPopupView.swift */ = {isa = PBXFileReference; fileEncoding = 4; lastKnownFileType = sourcecode.swift; path = InfoPopupView.swift; sourceTree = "<group>"; };
		9C4F9ABD1C34D3EA00ED0400 /* Lab.swift */ = {isa = PBXFileReference; fileEncoding = 4; lastKnownFileType = sourcecode.swift; path = Lab.swift; sourceTree = "<group>"; };
		9C4F9AC31C35A1BD00ED0400 /* LabTableViewCell.swift */ = {isa = PBXFileReference; fileEncoding = 4; lastKnownFileType = sourcecode.swift; path = LabTableViewCell.swift; sourceTree = "<group>"; };
		9C4F9AC51C35C73A00ED0400 /* CLTableView.swift */ = {isa = PBXFileReference; fileEncoding = 4; lastKnownFileType = sourcecode.swift; path = CLTableView.swift; sourceTree = "<group>"; };
		9C4F9AC71C35D7D700ED0400 /* Constants.swift */ = {isa = PBXFileReference; fileEncoding = 4; lastKnownFileType = sourcecode.swift; path = Constants.swift; sourceTree = "<group>"; };
		9C52EAB91C31D0FD007CC685 /* MainController.swift */ = {isa = PBXFileReference; fileEncoding = 4; lastKnownFileType = sourcecode.swift; path = MainController.swift; sourceTree = "<group>"; };
		9C52EABD1C31D1FA007CC685 /* ComputersViewController.swift */ = {isa = PBXFileReference; fileEncoding = 4; lastKnownFileType = sourcecode.swift; path = ComputersViewController.swift; sourceTree = "<group>"; };
		9C52EABF1C31D20B007CC685 /* PrintersViewController.swift */ = {isa = PBXFileReference; fileEncoding = 4; lastKnownFileType = sourcecode.swift; path = PrintersViewController.swift; sourceTree = "<group>"; };
		9C52EAC11C31D214007CC685 /* LocationsViewController.swift */ = {isa = PBXFileReference; fileEncoding = 4; lastKnownFileType = sourcecode.swift; path = LocationsViewController.swift; sourceTree = "<group>"; };
		9C52EAC51C3211B8007CC685 /* LaunchScreen.xib */ = {isa = PBXFileReference; fileEncoding = 4; lastKnownFileType = file.xib; path = LaunchScreen.xib; sourceTree = "<group>"; };
		9C5F180A1CC48B4400D10931 /* PrinterViewController.swift */ = {isa = PBXFileReference; fileEncoding = 4; lastKnownFileType = sourcecode.swift; path = PrinterViewController.swift; sourceTree = "<group>"; };
		9C6A762D1CB20BDA00D9BC0B /* PrinterJobViewCell.swift */ = {isa = PBXFileReference; fileEncoding = 4; lastKnownFileType = sourcecode.swift; path = PrinterJobViewCell.swift; sourceTree = "<group>"; };
		9C7904C31C26650B00FFE0C6 /* CDFLabs.app */ = {isa = PBXFileReference; explicitFileType = wrapper.application; includeInIndex = 0; path = CDFLabs.app; sourceTree = BUILT_PRODUCTS_DIR; };
		9C7904C61C26650B00FFE0C6 /* AppDelegate.swift */ = {isa = PBXFileReference; lastKnownFileType = sourcecode.swift; path = AppDelegate.swift; sourceTree = "<group>"; };
		9C7904CD1C26650B00FFE0C6 /* Assets.xcassets */ = {isa = PBXFileReference; lastKnownFileType = folder.assetcatalog; path = Assets.xcassets; sourceTree = "<group>"; };
		9C7904D21C26650B00FFE0C6 /* Info.plist */ = {isa = PBXFileReference; lastKnownFileType = text.plist.xml; path = Info.plist; sourceTree = "<group>"; };
		9C7904D71C26650B00FFE0C6 /* CDFLabsTests.xctest */ = {isa = PBXFileReference; explicitFileType = wrapper.cfbundle; includeInIndex = 0; path = CDFLabsTests.xctest; sourceTree = BUILT_PRODUCTS_DIR; };
		9C7904DB1C26650B00FFE0C6 /* CDFLabsTests.swift */ = {isa = PBXFileReference; lastKnownFileType = sourcecode.swift; path = CDFLabsTests.swift; sourceTree = "<group>"; };
		9C7904DD1C26650B00FFE0C6 /* Info.plist */ = {isa = PBXFileReference; lastKnownFileType = text.plist.xml; path = Info.plist; sourceTree = "<group>"; };
		9C7904E21C26650B00FFE0C6 /* CDFLabsUITests.xctest */ = {isa = PBXFileReference; explicitFileType = wrapper.cfbundle; includeInIndex = 0; path = CDFLabsUITests.xctest; sourceTree = BUILT_PRODUCTS_DIR; };
		9C7904E61C26650B00FFE0C6 /* CDFLabsUITests.swift */ = {isa = PBXFileReference; lastKnownFileType = sourcecode.swift; path = CDFLabsUITests.swift; sourceTree = "<group>"; };
		9C7904E81C26650B00FFE0C6 /* Info.plist */ = {isa = PBXFileReference; lastKnownFileType = text.plist.xml; path = Info.plist; sourceTree = "<group>"; };
		9C7E5C9A1C33376800650437 /* Extensions.swift */ = {isa = PBXFileReference; fileEncoding = 4; lastKnownFileType = sourcecode.swift; path = Extensions.swift; sourceTree = "<group>"; };
		9CEA0FF91C3864F9002B210C /* Printer.swift */ = {isa = PBXFileReference; fileEncoding = 4; lastKnownFileType = sourcecode.swift; path = Printer.swift; sourceTree = "<group>"; };
		9CEA0FFB1C3865B6002B210C /* PrinterTableViewCell.swift */ = {isa = PBXFileReference; fileEncoding = 4; lastKnownFileType = sourcecode.swift; path = PrinterTableViewCell.swift; sourceTree = "<group>"; };
		9CEA0FFD1C39CAA8002B210C /* PrintJob.swift */ = {isa = PBXFileReference; fileEncoding = 4; lastKnownFileType = sourcecode.swift; path = PrintJob.swift; sourceTree = "<group>"; };
		9CEC53FC1C3C40AA00A4234A /* BahenLocationViewCell.swift */ = {isa = PBXFileReference; fileEncoding = 4; lastKnownFileType = sourcecode.swift; path = BahenLocationViewCell.swift; sourceTree = "<group>"; };
		9CEC53FE1C3C40B500A4234A /* NXLocationViewCell.swift */ = {isa = PBXFileReference; fileEncoding = 4; lastKnownFileType = sourcecode.swift; path = NXLocationViewCell.swift; sourceTree = "<group>"; };
		C3D787C4EAFA302CFB8E3EEA /* Pods_CDFLabs.framework */ = {isa = PBXFileReference; explicitFileType = wrapper.framework; includeInIndex = 0; path = Pods_CDFLabs.framework; sourceTree = BUILT_PRODUCTS_DIR; };
		EC34F3539B42B00E9B9A51E5 /* Pods-CDFLabs.debug.xcconfig */ = {isa = PBXFileReference; includeInIndex = 1; lastKnownFileType = text.xcconfig; name = "Pods-CDFLabs.debug.xcconfig"; path = "Pods/Target Support Files/Pods-CDFLabs/Pods-CDFLabs.debug.xcconfig"; sourceTree = "<group>"; };
/* End PBXFileReference section */

/* Begin PBXFrameworksBuildPhase section */
		9C7904C01C26650B00FFE0C6 /* Frameworks */ = {
			isa = PBXFrameworksBuildPhase;
			buildActionMask = 2147483647;
			files = (
				C2EABE2AC0DFB7A235027B94 /* Pods_CDFLabs.framework in Frameworks */,
			);
			runOnlyForDeploymentPostprocessing = 0;
		};
		9C7904D41C26650B00FFE0C6 /* Frameworks */ = {
			isa = PBXFrameworksBuildPhase;
			buildActionMask = 2147483647;
			files = (
			);
			runOnlyForDeploymentPostprocessing = 0;
		};
		9C7904DF1C26650B00FFE0C6 /* Frameworks */ = {
			isa = PBXFrameworksBuildPhase;
			buildActionMask = 2147483647;
			files = (
			);
			runOnlyForDeploymentPostprocessing = 0;
		};
/* End PBXFrameworksBuildPhase section */

/* Begin PBXGroup section */
		9C4F9AC11C34D59400ED0400 /* Utils */ = {
			isa = PBXGroup;
			children = (
				9C7E5C9A1C33376800650437 /* Extensions.swift */,
				9C4F9AC71C35D7D700ED0400 /* Constants.swift */,
			);
			path = Utils;
			sourceTree = "<group>";
		};
		9C5F180C1CC48BAB00D10931 /* Computers */ = {
			isa = PBXGroup;
			children = (
				9C52EABD1C31D1FA007CC685 /* ComputersViewController.swift */,
				9C4F9AC31C35A1BD00ED0400 /* LabTableViewCell.swift */,
				9C4F9AC51C35C73A00ED0400 /* CLTableView.swift */,
				9C4F9ABD1C34D3EA00ED0400 /* Lab.swift */,
			);
			path = Computers;
			sourceTree = "<group>";
		};
		9C5F180D1CC48BF500D10931 /* Printers */ = {
			isa = PBXGroup;
			children = (
				9C52EABF1C31D20B007CC685 /* PrintersViewController.swift */,
				9CEA0FFB1C3865B6002B210C /* PrinterTableViewCell.swift */,
				9C5F180A1CC48B4400D10931 /* PrinterViewController.swift */,
				9C6A762D1CB20BDA00D9BC0B /* PrinterJobViewCell.swift */,
				9CEA0FF91C3864F9002B210C /* Printer.swift */,
				9CEA0FFD1C39CAA8002B210C /* PrintJob.swift */,
			);
			path = Printers;
			sourceTree = "<group>";
		};
		9C5F180E1CC48C7900D10931 /* Locations */ = {
			isa = PBXGroup;
			children = (
				9C52EAC11C31D214007CC685 /* LocationsViewController.swift */,
				9CEC53FC1C3C40AA00A4234A /* BahenLocationViewCell.swift */,
				9CEC53FE1C3C40B500A4234A /* NXLocationViewCell.swift */,
			);
			path = Locations;
			sourceTree = "<group>";
		};
		9C7904BA1C26650B00FFE0C6 = {
			isa = PBXGroup;
			children = (
				9C7904C51C26650B00FFE0C6 /* CDFLabs */,
				9C7904DA1C26650B00FFE0C6 /* CDFLabsTests */,
				9C7904E51C26650B00FFE0C6 /* CDFLabsUITests */,
				9C7904C41C26650B00FFE0C6 /* Products */,
				F1FBB5DD73019B9B241BE1F2 /* Pods */,
				C8BC1E3446036F07F474EA1D /* Frameworks */,
			);
			sourceTree = "<group>";
		};
		9C7904C41C26650B00FFE0C6 /* Products */ = {
			isa = PBXGroup;
			children = (
				9C7904C31C26650B00FFE0C6 /* CDFLabs.app */,
				9C7904D71C26650B00FFE0C6 /* CDFLabsTests.xctest */,
				9C7904E21C26650B00FFE0C6 /* CDFLabsUITests.xctest */,
			);
			name = Products;
			sourceTree = "<group>";
		};
		9C7904C51C26650B00FFE0C6 /* CDFLabs */ = {
			isa = PBXGroup;
			children = (
				9C52EAB91C31D0FD007CC685 /* MainController.swift */,
				9C36B09D1C3DB73F002B2120 /* InfoPopupView.swift */,
				9C5F180C1CC48BAB00D10931 /* Computers */,
				9C5F180D1CC48BF500D10931 /* Printers */,
				9C5F180E1CC48C7900D10931 /* Locations */,
				9C4F9AC11C34D59400ED0400 /* Utils */,
				9C52EAC51C3211B8007CC685 /* LaunchScreen.xib */,
				9C7904C61C26650B00FFE0C6 /* AppDelegate.swift */,
				9C7904CD1C26650B00FFE0C6 /* Assets.xcassets */,
				9C7904D21C26650B00FFE0C6 /* Info.plist */,
			);
			path = CDFLabs;
			sourceTree = "<group>";
		};
		9C7904DA1C26650B00FFE0C6 /* CDFLabsTests */ = {
			isa = PBXGroup;
			children = (
				9C7904DB1C26650B00FFE0C6 /* CDFLabsTests.swift */,
				9C7904DD1C26650B00FFE0C6 /* Info.plist */,
			);
			path = CDFLabsTests;
			sourceTree = "<group>";
		};
		9C7904E51C26650B00FFE0C6 /* CDFLabsUITests */ = {
			isa = PBXGroup;
			children = (
				9C7904E61C26650B00FFE0C6 /* CDFLabsUITests.swift */,
				9C7904E81C26650B00FFE0C6 /* Info.plist */,
			);
			path = CDFLabsUITests;
			sourceTree = "<group>";
		};
		C8BC1E3446036F07F474EA1D /* Frameworks */ = {
			isa = PBXGroup;
			children = (
				C3D787C4EAFA302CFB8E3EEA /* Pods_CDFLabs.framework */,
			);
			name = Frameworks;
			sourceTree = "<group>";
		};
		F1FBB5DD73019B9B241BE1F2 /* Pods */ = {
			isa = PBXGroup;
			children = (
				EC34F3539B42B00E9B9A51E5 /* Pods-CDFLabs.debug.xcconfig */,
				1E51D842B413DB9E78A473B2 /* Pods-CDFLabs.release.xcconfig */,
			);
			name = Pods;
			sourceTree = "<group>";
		};
/* End PBXGroup section */

/* Begin PBXNativeTarget section */
		9C7904C21C26650B00FFE0C6 /* CDFLabs */ = {
			isa = PBXNativeTarget;
			buildConfigurationList = 9C7904EB1C26650B00FFE0C6 /* Build configuration list for PBXNativeTarget "CDFLabs" */;
			buildPhases = (
				0323D09DD220321F3EC9C600 /* Check Pods Manifest.lock */,
				9C7904BF1C26650B00FFE0C6 /* Sources */,
				9C7904C01C26650B00FFE0C6 /* Frameworks */,
				9C7904C11C26650B00FFE0C6 /* Resources */,
				190ABCF168A8FBDD0B80FBC1 /* Embed Pods Frameworks */,
				5C22CE44A4AA116A9471734B /* Copy Pods Resources */,
			);
			buildRules = (
			);
			dependencies = (
			);
			name = CDFLabs;
			productName = CDFLabs;
			productReference = 9C7904C31C26650B00FFE0C6 /* CDFLabs.app */;
			productType = "com.apple.product-type.application";
		};
		9C7904D61C26650B00FFE0C6 /* CDFLabsTests */ = {
			isa = PBXNativeTarget;
			buildConfigurationList = 9C7904EE1C26650B00FFE0C6 /* Build configuration list for PBXNativeTarget "CDFLabsTests" */;
			buildPhases = (
				9C7904D31C26650B00FFE0C6 /* Sources */,
				9C7904D41C26650B00FFE0C6 /* Frameworks */,
				9C7904D51C26650B00FFE0C6 /* Resources */,
			);
			buildRules = (
			);
			dependencies = (
				9C7904D91C26650B00FFE0C6 /* PBXTargetDependency */,
			);
			name = CDFLabsTests;
			productName = CDFLabsTests;
			productReference = 9C7904D71C26650B00FFE0C6 /* CDFLabsTests.xctest */;
			productType = "com.apple.product-type.bundle.unit-test";
		};
		9C7904E11C26650B00FFE0C6 /* CDFLabsUITests */ = {
			isa = PBXNativeTarget;
			buildConfigurationList = 9C7904F11C26650B00FFE0C6 /* Build configuration list for PBXNativeTarget "CDFLabsUITests" */;
			buildPhases = (
				9C7904DE1C26650B00FFE0C6 /* Sources */,
				9C7904DF1C26650B00FFE0C6 /* Frameworks */,
				9C7904E01C26650B00FFE0C6 /* Resources */,
			);
			buildRules = (
			);
			dependencies = (
				9C7904E41C26650B00FFE0C6 /* PBXTargetDependency */,
			);
			name = CDFLabsUITests;
			productName = CDFLabsUITests;
			productReference = 9C7904E21C26650B00FFE0C6 /* CDFLabsUITests.xctest */;
			productType = "com.apple.product-type.bundle.ui-testing";
		};
/* End PBXNativeTarget section */

/* Begin PBXProject section */
		9C7904BB1C26650B00FFE0C6 /* Project object */ = {
			isa = PBXProject;
			attributes = {
				LastSwiftUpdateCheck = 0720;
				LastUpgradeCheck = 0720;
				ORGANIZATIONNAME = "Qasim Iqbal";
				TargetAttributes = {
					9C7904C21C26650B00FFE0C6 = {
						CreatedOnToolsVersion = 7.2;
						DevelopmentTeam = 9WW42EGDE6;
					};
					9C7904D61C26650B00FFE0C6 = {
						CreatedOnToolsVersion = 7.2;
						TestTargetID = 9C7904C21C26650B00FFE0C6;
					};
					9C7904E11C26650B00FFE0C6 = {
						CreatedOnToolsVersion = 7.2;
						TestTargetID = 9C7904C21C26650B00FFE0C6;
					};
				};
			};
			buildConfigurationList = 9C7904BE1C26650B00FFE0C6 /* Build configuration list for PBXProject "CDFLabs" */;
			compatibilityVersion = "Xcode 3.2";
			developmentRegion = English;
			hasScannedForEncodings = 0;
			knownRegions = (
				en,
				Base,
			);
			mainGroup = 9C7904BA1C26650B00FFE0C6;
			productRefGroup = 9C7904C41C26650B00FFE0C6 /* Products */;
			projectDirPath = "";
			projectRoot = "";
			targets = (
				9C7904C21C26650B00FFE0C6 /* CDFLabs */,
				9C7904D61C26650B00FFE0C6 /* CDFLabsTests */,
				9C7904E11C26650B00FFE0C6 /* CDFLabsUITests */,
			);
		};
/* End PBXProject section */

/* Begin PBXResourcesBuildPhase section */
		9C7904C11C26650B00FFE0C6 /* Resources */ = {
			isa = PBXResourcesBuildPhase;
			buildActionMask = 2147483647;
			files = (
				9C52EAC61C3211B8007CC685 /* LaunchScreen.xib in Resources */,
				9C7904CE1C26650B00FFE0C6 /* Assets.xcassets in Resources */,
			);
			runOnlyForDeploymentPostprocessing = 0;
		};
		9C7904D51C26650B00FFE0C6 /* Resources */ = {
			isa = PBXResourcesBuildPhase;
			buildActionMask = 2147483647;
			files = (
			);
			runOnlyForDeploymentPostprocessing = 0;
		};
		9C7904E01C26650B00FFE0C6 /* Resources */ = {
			isa = PBXResourcesBuildPhase;
			buildActionMask = 2147483647;
			files = (
			);
			runOnlyForDeploymentPostprocessing = 0;
		};
/* End PBXResourcesBuildPhase section */

/* Begin PBXShellScriptBuildPhase section */
		0323D09DD220321F3EC9C600 /* Check Pods Manifest.lock */ = {
			isa = PBXShellScriptBuildPhase;
			buildActionMask = 2147483647;
			files = (
			);
			inputPaths = (
			);
			name = "Check Pods Manifest.lock";
			outputPaths = (
			);
			runOnlyForDeploymentPostprocessing = 0;
			shellPath = /bin/sh;
			shellScript = "diff \"${PODS_ROOT}/../Podfile.lock\" \"${PODS_ROOT}/Manifest.lock\" > /dev/null\nif [[ $? != 0 ]] ; then\n    cat << EOM\nerror: The sandbox is not in sync with the Podfile.lock. Run 'pod install' or update your CocoaPods installation.\nEOM\n    exit 1\nfi\n";
			showEnvVarsInLog = 0;
		};
		190ABCF168A8FBDD0B80FBC1 /* Embed Pods Frameworks */ = {
			isa = PBXShellScriptBuildPhase;
			buildActionMask = 2147483647;
			files = (
			);
			inputPaths = (
			);
			name = "Embed Pods Frameworks";
			outputPaths = (
			);
			runOnlyForDeploymentPostprocessing = 0;
			shellPath = /bin/sh;
			shellScript = "\"${SRCROOT}/Pods/Target Support Files/Pods-CDFLabs/Pods-CDFLabs-frameworks.sh\"\n";
			showEnvVarsInLog = 0;
		};
		5C22CE44A4AA116A9471734B /* Copy Pods Resources */ = {
			isa = PBXShellScriptBuildPhase;
			buildActionMask = 2147483647;
			files = (
			);
			inputPaths = (
			);
			name = "Copy Pods Resources";
			outputPaths = (
			);
			runOnlyForDeploymentPostprocessing = 0;
			shellPath = /bin/sh;
			shellScript = "\"${SRCROOT}/Pods/Target Support Files/Pods-CDFLabs/Pods-CDFLabs-resources.sh\"\n";
			showEnvVarsInLog = 0;
		};
/* End PBXShellScriptBuildPhase section */

/* Begin PBXSourcesBuildPhase section */
		9C7904BF1C26650B00FFE0C6 /* Sources */ = {
			isa = PBXSourcesBuildPhase;
			buildActionMask = 2147483647;
			files = (
				9C52EABB1C31D0FD007CC685 /* MainController.swift in Sources */,
				9C6A762E1CB20BDA00D9BC0B /* PrinterJobViewCell.swift in Sources */,
				9C52EAC21C31D214007CC685 /* LocationsViewController.swift in Sources */,
				9C4F9AC61C35C73A00ED0400 /* CLTableView.swift in Sources */,
				9C52EAC01C31D20B007CC685 /* PrintersViewController.swift in Sources */,
				9CEC53FD1C3C40AA00A4234A /* BahenLocationViewCell.swift in Sources */,
				9CEA0FFC1C3865B6002B210C /* PrinterTableViewCell.swift in Sources */,
				9CEC53FF1C3C40B500A4234A /* NXLocationViewCell.swift in Sources */,
				9C5F180B1CC48B4400D10931 /* PrinterViewController.swift in Sources */,
				9CEA0FFA1C3864F9002B210C /* Printer.swift in Sources */,
				9C4F9AC41C35A1BD00ED0400 /* LabTableViewCell.swift in Sources */,
				9C36B09E1C3DB73F002B2120 /* InfoPopupView.swift in Sources */,
				9CEA0FFE1C39CAA8002B210C /* PrintJob.swift in Sources */,
				9C4F9AC81C35D7D700ED0400 /* Constants.swift in Sources */,
				9C52EABE1C31D1FA007CC685 /* ComputersViewController.swift in Sources */,
				9C7904C71C26650B00FFE0C6 /* AppDelegate.swift in Sources */,
				9C7E5C9B1C33376800650437 /* Extensions.swift in Sources */,
				9C4F9ABE1C34D3EA00ED0400 /* Lab.swift in Sources */,
			);
			runOnlyForDeploymentPostprocessing = 0;
		};
		9C7904D31C26650B00FFE0C6 /* Sources */ = {
			isa = PBXSourcesBuildPhase;
			buildActionMask = 2147483647;
			files = (
				9C7904DC1C26650B00FFE0C6 /* CDFLabsTests.swift in Sources */,
			);
			runOnlyForDeploymentPostprocessing = 0;
		};
		9C7904DE1C26650B00FFE0C6 /* Sources */ = {
			isa = PBXSourcesBuildPhase;
			buildActionMask = 2147483647;
			files = (
				9C7904E71C26650B00FFE0C6 /* CDFLabsUITests.swift in Sources */,
			);
			runOnlyForDeploymentPostprocessing = 0;
		};
/* End PBXSourcesBuildPhase section */

/* Begin PBXTargetDependency section */
		9C7904D91C26650B00FFE0C6 /* PBXTargetDependency */ = {
			isa = PBXTargetDependency;
			target = 9C7904C21C26650B00FFE0C6 /* CDFLabs */;
			targetProxy = 9C7904D81C26650B00FFE0C6 /* PBXContainerItemProxy */;
		};
		9C7904E41C26650B00FFE0C6 /* PBXTargetDependency */ = {
			isa = PBXTargetDependency;
			target = 9C7904C21C26650B00FFE0C6 /* CDFLabs */;
			targetProxy = 9C7904E31C26650B00FFE0C6 /* PBXContainerItemProxy */;
		};
/* End PBXTargetDependency section */

/* Begin XCBuildConfiguration section */
		9C7904E91C26650B00FFE0C6 /* Debug */ = {
			isa = XCBuildConfiguration;
			buildSettings = {
				ALWAYS_SEARCH_USER_PATHS = NO;
				CLANG_CXX_LANGUAGE_STANDARD = "gnu++0x";
				CLANG_CXX_LIBRARY = "libc++";
				CLANG_ENABLE_MODULES = YES;
				CLANG_ENABLE_OBJC_ARC = YES;
				CLANG_WARN_BOOL_CONVERSION = YES;
				CLANG_WARN_CONSTANT_CONVERSION = YES;
				CLANG_WARN_DIRECT_OBJC_ISA_USAGE = YES_ERROR;
				CLANG_WARN_EMPTY_BODY = YES;
				CLANG_WARN_ENUM_CONVERSION = YES;
				CLANG_WARN_INT_CONVERSION = YES;
				CLANG_WARN_OBJC_ROOT_CLASS = YES_ERROR;
				CLANG_WARN_UNREACHABLE_CODE = YES;
				CLANG_WARN__DUPLICATE_METHOD_MATCH = YES;
				"CODE_SIGN_IDENTITY[sdk=iphoneos*]" = "iPhone Developer";
				COPY_PHASE_STRIP = NO;
				DEBUG_INFORMATION_FORMAT = dwarf;
				ENABLE_STRICT_OBJC_MSGSEND = YES;
				ENABLE_TESTABILITY = YES;
				GCC_C_LANGUAGE_STANDARD = gnu99;
				GCC_DYNAMIC_NO_PIC = NO;
				GCC_NO_COMMON_BLOCKS = YES;
				GCC_OPTIMIZATION_LEVEL = 0;
				GCC_PREPROCESSOR_DEFINITIONS = (
					"DEBUG=1",
					"$(inherited)",
				);
				GCC_WARN_64_TO_32_BIT_CONVERSION = YES;
				GCC_WARN_ABOUT_RETURN_TYPE = YES_ERROR;
				GCC_WARN_UNDECLARED_SELECTOR = YES;
				GCC_WARN_UNINITIALIZED_AUTOS = YES_AGGRESSIVE;
				GCC_WARN_UNUSED_FUNCTION = YES;
				GCC_WARN_UNUSED_VARIABLE = YES;
				IPHONEOS_DEPLOYMENT_TARGET = 9.2;
				MTL_ENABLE_DEBUG_INFO = YES;
				ONLY_ACTIVE_ARCH = YES;
				SDKROOT = iphoneos;
				SWIFT_OPTIMIZATION_LEVEL = "-Onone";
			};
			name = Debug;
		};
		9C7904EA1C26650B00FFE0C6 /* Release */ = {
			isa = XCBuildConfiguration;
			buildSettings = {
				ALWAYS_SEARCH_USER_PATHS = NO;
				CLANG_CXX_LANGUAGE_STANDARD = "gnu++0x";
				CLANG_CXX_LIBRARY = "libc++";
				CLANG_ENABLE_MODULES = YES;
				CLANG_ENABLE_OBJC_ARC = YES;
				CLANG_WARN_BOOL_CONVERSION = YES;
				CLANG_WARN_CONSTANT_CONVERSION = YES;
				CLANG_WARN_DIRECT_OBJC_ISA_USAGE = YES_ERROR;
				CLANG_WARN_EMPTY_BODY = YES;
				CLANG_WARN_ENUM_CONVERSION = YES;
				CLANG_WARN_INT_CONVERSION = YES;
				CLANG_WARN_OBJC_ROOT_CLASS = YES_ERROR;
				CLANG_WARN_UNREACHABLE_CODE = YES;
				CLANG_WARN__DUPLICATE_METHOD_MATCH = YES;
				"CODE_SIGN_IDENTITY[sdk=iphoneos*]" = "iPhone Developer";
				COPY_PHASE_STRIP = NO;
				DEBUG_INFORMATION_FORMAT = "dwarf-with-dsym";
				ENABLE_NS_ASSERTIONS = NO;
				ENABLE_STRICT_OBJC_MSGSEND = YES;
				GCC_C_LANGUAGE_STANDARD = gnu99;
				GCC_NO_COMMON_BLOCKS = YES;
				GCC_WARN_64_TO_32_BIT_CONVERSION = YES;
				GCC_WARN_ABOUT_RETURN_TYPE = YES_ERROR;
				GCC_WARN_UNDECLARED_SELECTOR = YES;
				GCC_WARN_UNINITIALIZED_AUTOS = YES_AGGRESSIVE;
				GCC_WARN_UNUSED_FUNCTION = YES;
				GCC_WARN_UNUSED_VARIABLE = YES;
				IPHONEOS_DEPLOYMENT_TARGET = 9.2;
				MTL_ENABLE_DEBUG_INFO = NO;
				SDKROOT = iphoneos;
				VALIDATE_PRODUCT = YES;
			};
			name = Release;
		};
		9C7904EC1C26650B00FFE0C6 /* Debug */ = {
			isa = XCBuildConfiguration;
			baseConfigurationReference = EC34F3539B42B00E9B9A51E5 /* Pods-CDFLabs.debug.xcconfig */;
			buildSettings = {
				ASSETCATALOG_COMPILER_APPICON_NAME = AppIcon;
				CODE_SIGN_IDENTITY = "iPhone Developer";
				INFOPLIST_FILE = CDFLabs/Info.plist;
				IPHONEOS_DEPLOYMENT_TARGET = 9.2;
				LD_RUNPATH_SEARCH_PATHS = "$(inherited) @executable_path/Frameworks";
				PRODUCT_BUNDLE_IDENTIFIER = QI.CDFLabs;
				PRODUCT_NAME = "$(TARGET_NAME)";
				TARGETED_DEVICE_FAMILY = "1,2";
			};
			name = Debug;
		};
		9C7904ED1C26650B00FFE0C6 /* Release */ = {
			isa = XCBuildConfiguration;
			baseConfigurationReference = 1E51D842B413DB9E78A473B2 /* Pods-CDFLabs.release.xcconfig */;
			buildSettings = {
				ASSETCATALOG_COMPILER_APPICON_NAME = AppIcon;
				CODE_SIGN_IDENTITY = "iPhone Developer";
				INFOPLIST_FILE = CDFLabs/Info.plist;
				IPHONEOS_DEPLOYMENT_TARGET = 9.2;
				LD_RUNPATH_SEARCH_PATHS = "$(inherited) @executable_path/Frameworks";
				PRODUCT_BUNDLE_IDENTIFIER = QI.CDFLabs;
				PRODUCT_NAME = "$(TARGET_NAME)";
				TARGETED_DEVICE_FAMILY = "1,2";
			};
			name = Release;
		};
		9C7904EF1C26650B00FFE0C6 /* Debug */ = {
			isa = XCBuildConfiguration;
			buildSettings = {
				BUNDLE_LOADER = "$(TEST_HOST)";
				INFOPLIST_FILE = CDFLabsTests/Info.plist;
				LD_RUNPATH_SEARCH_PATHS = "$(inherited) @executable_path/Frameworks @loader_path/Frameworks";
				PRODUCT_BUNDLE_IDENTIFIER = QI.CDFLabsTests;
				PRODUCT_NAME = "$(TARGET_NAME)";
				TEST_HOST = "$(BUILT_PRODUCTS_DIR)/CDFLabs.app/CDFLabs";
			};
			name = Debug;
		};
		9C7904F01C26650B00FFE0C6 /* Release */ = {
			isa = XCBuildConfiguration;
			buildSettings = {
				BUNDLE_LOADER = "$(TEST_HOST)";
				INFOPLIST_FILE = CDFLabsTests/Info.plist;
				LD_RUNPATH_SEARCH_PATHS = "$(inherited) @executable_path/Frameworks @loader_path/Frameworks";
				PRODUCT_BUNDLE_IDENTIFIER = QI.CDFLabsTests;
				PRODUCT_NAME = "$(TARGET_NAME)";
				TEST_HOST = "$(BUILT_PRODUCTS_DIR)/CDFLabs.app/CDFLabs";
			};
			name = Release;
		};
		9C7904F21C26650B00FFE0C6 /* Debug */ = {
			isa = XCBuildConfiguration;
			buildSettings = {
				INFOPLIST_FILE = CDFLabsUITests/Info.plist;
				LD_RUNPATH_SEARCH_PATHS = "$(inherited) @executable_path/Frameworks @loader_path/Frameworks";
				PRODUCT_BUNDLE_IDENTIFIER = QI.CDFLabsUITests;
				PRODUCT_NAME = "$(TARGET_NAME)";
				TEST_TARGET_NAME = CDFLabs;
				USES_XCTRUNNER = YES;
			};
			name = Debug;
		};
		9C7904F31C26650B00FFE0C6 /* Release */ = {
			isa = XCBuildConfiguration;
			buildSettings = {
				INFOPLIST_FILE = CDFLabsUITests/Info.plist;
				LD_RUNPATH_SEARCH_PATHS = "$(inherited) @executable_path/Frameworks @loader_path/Frameworks";
				PRODUCT_BUNDLE_IDENTIFIER = QI.CDFLabsUITests;
				PRODUCT_NAME = "$(TARGET_NAME)";
				TEST_TARGET_NAME = CDFLabs;
				USES_XCTRUNNER = YES;
			};
			name = Release;
		};
/* End XCBuildConfiguration section */

/* Begin XCConfigurationList section */
		9C7904BE1C26650B00FFE0C6 /* Build configuration list for PBXProject "CDFLabs" */ = {
			isa = XCConfigurationList;
			buildConfigurations = (
				9C7904E91C26650B00FFE0C6 /* Debug */,
				9C7904EA1C26650B00FFE0C6 /* Release */,
			);
			defaultConfigurationIsVisible = 0;
			defaultConfigurationName = Release;
		};
		9C7904EB1C26650B00FFE0C6 /* Build configuration list for PBXNativeTarget "CDFLabs" */ = {
			isa = XCConfigurationList;
			buildConfigurations = (
				9C7904EC1C26650B00FFE0C6 /* Debug */,
				9C7904ED1C26650B00FFE0C6 /* Release */,
			);
			defaultConfigurationIsVisible = 0;
			defaultConfigurationName = Release;
		};
		9C7904EE1C26650B00FFE0C6 /* Build configuration list for PBXNativeTarget "CDFLabsTests" */ = {
			isa = XCConfigurationList;
			buildConfigurations = (
				9C7904EF1C26650B00FFE0C6 /* Debug */,
				9C7904F01C26650B00FFE0C6 /* Release */,
			);
			defaultConfigurationIsVisible = 0;
			defaultConfigurationName = Release;
		};
		9C7904F11C26650B00FFE0C6 /* Build configuration list for PBXNativeTarget "CDFLabsUITests" */ = {
			isa = XCConfigurationList;
			buildConfigurations = (
				9C7904F21C26650B00FFE0C6 /* Debug */,
				9C7904F31C26650B00FFE0C6 /* Release */,
			);
			defaultConfigurationIsVisible = 0;
			defaultConfigurationName = Release;
		};
/* End XCConfigurationList section */
	};
	rootObject = 9C7904BB1C26650B00FFE0C6 /* Project object */;
}
