// !$*UTF8*$!
{
	archiveVersion = 1;
	classes = {
	};
	objectVersion = 46;
	objects = {

/* Begin PBXBuildFile section */
		9C52EABB1C31D0FD007CC685 /* MainController.swift in Sources */ = {isa = PBXBuildFile; fileRef = 9C52EAB91C31D0FD007CC685 /* MainController.swift */; };
		9C52EABE1C31D1FA007CC685 /* ComputersViewController.swift in Sources */ = {isa = PBXBuildFile; fileRef = 9C52EABD1C31D1FA007CC685 /* ComputersViewController.swift */; };
		9C52EAC01C31D20B007CC685 /* PrintersViewController.swift in Sources */ = {isa = PBXBuildFile; fileRef = 9C52EABF1C31D20B007CC685 /* PrintersViewController.swift */; };
		9C52EAC21C31D214007CC685 /* LocationsViewController.swift in Sources */ = {isa = PBXBuildFile; fileRef = 9C52EAC11C31D214007CC685 /* LocationsViewController.swift */; };
		9C52EAC61C3211B8007CC685 /* LaunchScreen.xib in Resources */ = {isa = PBXBuildFile; fileRef = 9C52EAC51C3211B8007CC685 /* LaunchScreen.xib */; };
		9C7904C71C26650B00FFE0C6 /* AppDelegate.swift in Sources */ = {isa = PBXBuildFile; fileRef = 9C7904C61C26650B00FFE0C6 /* AppDelegate.swift */; };
		9C7904CE1C26650B00FFE0C6 /* Assets.xcassets in Resources */ = {isa = PBXBuildFile; fileRef = 9C7904CD1C26650B00FFE0C6 /* Assets.xcassets */; };
		9C7904DC1C26650B00FFE0C6 /* CDFLabsTests.swift in Sources */ = {isa = PBXBuildFile; fileRef = 9C7904DB1C26650B00FFE0C6 /* CDFLabsTests.swift */; };
		9C7904E71C26650B00FFE0C6 /* CDFLabsUITests.swift in Sources */ = {isa = PBXBuildFile; fileRef = 9C7904E61C26650B00FFE0C6 /* CDFLabsUITests.swift */; };
		9C7E5C9B1C33376800650437 /* Extensions.swift in Sources */ = {isa = PBXBuildFile; fileRef = 9C7E5C9A1C33376800650437 /* Extensions.swift */; };
/* End PBXBuildFile section */

/* Begin PBXContainerItemProxy section */
		9C7904D81C26650B00FFE0C6 /* PBXContainerItemProxy */ = {
			isa = PBXContainerItemProxy;
			containerPortal = 9C7904BB1C26650B00FFE0C6 /* Project object */;
			proxyType = 1;
			remoteGlobalIDString = 9C7904C21C26650B00FFE0C6;
			remoteInfo = CDFLabs;
		};
		9C7904E31C26650B00FFE0C6 /* PBXContainerItemProxy */ = {
			isa = PBXContainerItemProxy;
			containerPortal = 9C7904BB1C26650B00FFE0C6 /* Project object */;
			proxyType = 1;
			remoteGlobalIDString = 9C7904C21C26650B00FFE0C6;
			remoteInfo = CDFLabs;
		};
/* End PBXContainerItemProxy section */

/* Begin PBXFileReference section */
		9C52EAB91C31D0FD007CC685 /* MainController.swift */ = {isa = PBXFileReference; fileEncoding = 4; lastKnownFileType = sourcecode.swift; path = MainController.swift; sourceTree = "<group>"; };
		9C52EABD1C31D1FA007CC685 /* ComputersViewController.swift */ = {isa = PBXFileReference; fileEncoding = 4; lastKnownFileType = sourcecode.swift; path = ComputersViewController.swift; sourceTree = "<group>"; };
		9C52EABF1C31D20B007CC685 /* PrintersViewController.swift */ = {isa = PBXFileReference; fileEncoding = 4; lastKnownFileType = sourcecode.swift; path = PrintersViewController.swift; sourceTree = "<group>"; };
		9C52EAC11C31D214007CC685 /* LocationsViewController.swift */ = {isa = PBXFileReference; fileEncoding = 4; lastKnownFileType = sourcecode.swift; path = LocationsViewController.swift; sourceTree = "<group>"; };
		9C52EAC51C3211B8007CC685 /* LaunchScreen.xib */ = {isa = PBXFileReference; fileEncoding = 4; lastKnownFileType = file.xib; path = LaunchScreen.xib; sourceTree = "<group>"; };
		9C7904C31C26650B00FFE0C6 /* CDFLabs.app */ = {isa = PBXFileReference; explicitFileType = wrapper.application; includeInIndex = 0; path = CDFLabs.app; sourceTree = BUILT_PRODUCTS_DIR; };
		9C7904C61C26650B00FFE0C6 /* AppDelegate.swift */ = {isa = PBXFileReference; lastKnownFileType = sourcecode.swift; path = AppDelegate.swift; sourceTree = "<group>"; };
		9C7904CD1C26650B00FFE0C6 /* Assets.xcassets */ = {isa = PBXFileReference; lastKnownFileType = folder.assetcatalog; path = Assets.xcassets; sourceTree = "<group>"; };
		9C7904D21C26650B00FFE0C6 /* Info.plist */ = {isa = PBXFileReference; lastKnownFileType = text.plist.xml; path = Info.plist; sourceTree = "<group>"; };
		9C7904D71C26650B00FFE0C6 /* CDFLabsTests.xctest */ = {isa = PBXFileReference; explicitFileType = wrapper.cfbundle; includeInIndex = 0; path = CDFLabsTests.xctest; sourceTree = BUILT_PRODUCTS_DIR; };
		9C7904DB1C26650B00FFE0C6 /* CDFLabsTests.swift */ = {isa = PBXFileReference; lastKnownFileType = sourcecode.swift; path = CDFLabsTests.swift; sourceTree = "<group>"; };
		9C7904DD1C26650B00FFE0C6 /* Info.plist */ = {isa = PBXFileReference; lastKnownFileType = text.plist.xml; path = Info.plist; sourceTree = "<group>"; };
		9C7904E21C26650B00FFE0C6 /* CDFLabsUITests.xctest */ = {isa = PBXFileReference; explicitFileType = wrapper.cfbundle; includeInIndex = 0; path = CDFLabsUITests.xctest; sourceTree = BUILT_PRODUCTS_DIR; };
		9C7904E61C26650B00FFE0C6 /* CDFLabsUITests.swift */ = {isa = PBXFileReference; lastKnownFileType = sourcecode.swift; path = CDFLabsUITests.swift; sourceTree = "<group>"; };
		9C7904E81C26650B00FFE0C6 /* Info.plist */ = {isa = PBXFileReference; lastKnownFileType = text.plist.xml; path = Info.plist; sourceTree = "<group>"; };
		9C7E5C9A1C33376800650437 /* Extensions.swift */ = {isa = PBXFileReference; fileEncoding = 4; lastKnownFileType = sourcecode.swift; path = Extensions.swift; sourceTree = "<group>"; };
/* End PBXFileReference section */

/* Begin PBXFrameworksBuildPhase section */
		9C7904C01C26650B00FFE0C6 /* Frameworks */ = {
			isa = PBXFrameworksBuildPhase;
			buildActionMask = 2147483647;
			files = (
			);
			runOnlyForDeploymentPostprocessing = 0;
		};
		9C7904D41C26650B00FFE0C6 /* Frameworks */ = {
			isa = PBXFrameworksBuildPhase;
			buildActionMask = 2147483647;
			files = (
			);
			runOnlyForDeploymentPostprocessing = 0;
		};
		9C7904DF1C26650B00FFE0C6 /* Frameworks */ = {
			isa = PBXFrameworksBuildPhase;
			buildActionMask = 2147483647;
			files = (
			);
			runOnlyForDeploymentPostprocessing = 0;
		};
/* End PBXFrameworksBuildPhase section */

/* Begin PBXGroup section */
		9C7904BA1C26650B00FFE0C6 = {
			isa = PBXGroup;
			children = (
				9C7904C51C26650B00FFE0C6 /* CDFLabs */,
				9C7904DA1C26650B00FFE0C6 /* CDFLabsTests */,
				9C7904E51C26650B00FFE0C6 /* CDFLabsUITests */,
				9C7904C41C26650B00FFE0C6 /* Products */,
			);
			sourceTree = "<group>";
		};
		9C7904C41C26650B00FFE0C6 /* Products */ = {
			isa = PBXGroup;
			children = (
				9C7904C31C26650B00FFE0C6 /* CDFLabs.app */,
				9C7904D71C26650B00FFE0C6 /* CDFLabsTests.xctest */,
				9C7904E21C26650B00FFE0C6 /* CDFLabsUITests.xctest */,
			);
			name = Products;
			sourceTree = "<group>";
		};
		9C7904C51C26650B00FFE0C6 /* CDFLabs */ = {
			isa = PBXGroup;
			children = (
				9C52EAB91C31D0FD007CC685 /* MainController.swift */,
				9C52EAC51C3211B8007CC685 /* LaunchScreen.xib */,
				9C52EABD1C31D1FA007CC685 /* ComputersViewController.swift */,
				9C52EABF1C31D20B007CC685 /* PrintersViewController.swift */,
				9C52EAC11C31D214007CC685 /* LocationsViewController.swift */,
				9C7904C61C26650B00FFE0C6 /* AppDelegate.swift */,
				9C7E5C9A1C33376800650437 /* Extensions.swift */,
				9C7904CD1C26650B00FFE0C6 /* Assets.xcassets */,
				9C7904D21C26650B00FFE0C6 /* Info.plist */,
			);
			path = CDFLabs;
			sourceTree = "<group>";
		};
		9C7904DA1C26650B00FFE0C6 /* CDFLabsTests */ = {
			isa = PBXGroup;
			children = (
				9C7904DB1C26650B00FFE0C6 /* CDFLabsTests.swift */,
				9C7904DD1C26650B00FFE0C6 /* Info.plist */,
			);
			path = CDFLabsTests;
			sourceTree = "<group>";
		};
		9C7904E51C26650B00FFE0C6 /* CDFLabsUITests */ = {
			isa = PBXGroup;
			children = (
				9C7904E61C26650B00FFE0C6 /* CDFLabsUITests.swift */,
				9C7904E81C26650B00FFE0C6 /* Info.plist */,
			);
			path = CDFLabsUITests;
			sourceTree = "<group>";
		};
/* End PBXGroup section */

/* Begin PBXNativeTarget section */
		9C7904C21C26650B00FFE0C6 /* CDFLabs */ = {
			isa = PBXNativeTarget;
			buildConfigurationList = 9C7904EB1C26650B00FFE0C6 /* Build configuration list for PBXNativeTarget "CDFLabs" */;
			buildPhases = (
				9C7904BF1C26650B00FFE0C6 /* Sources */,
				9C7904C01C26650B00FFE0C6 /* Frameworks */,
				9C7904C11C26650B00FFE0C6 /* Resources */,
			);
			buildRules = (
			);
			dependencies = (
			);
			name = CDFLabs;
			productName = CDFLabs;
			productReference = 9C7904C31C26650B00FFE0C6 /* CDFLabs.app */;
			productType = "com.apple.product-type.application";
		};
		9C7904D61C26650B00FFE0C6 /* CDFLabsTests */ = {
			isa = PBXNativeTarget;
			buildConfigurationList = 9C7904EE1C26650B00FFE0C6 /* Build configuration list for PBXNativeTarget "CDFLabsTests" */;
			buildPhases = (
				9C7904D31C26650B00FFE0C6 /* Sources */,
				9C7904D41C26650B00FFE0C6 /* Frameworks */,
				9C7904D51C26650B00FFE0C6 /* Resources */,
			);
			buildRules = (
			);
			dependencies = (
				9C7904D91C26650B00FFE0C6 /* PBXTargetDependency */,
			);
			name = CDFLabsTests;
			productName = CDFLabsTests;
			productReference = 9C7904D71C26650B00FFE0C6 /* CDFLabsTests.xctest */;
			productType = "com.apple.product-type.bundle.unit-test";
		};
		9C7904E11C26650B00FFE0C6 /* CDFLabsUITests */ = {
			isa = PBXNativeTarget;
			buildConfigurationList = 9C7904F11C26650B00FFE0C6 /* Build configuration list for PBXNativeTarget "CDFLabsUITests" */;
			buildPhases = (
				9C7904DE1C26650B00FFE0C6 /* Sources */,
				9C7904DF1C26650B00FFE0C6 /* Frameworks */,
				9C7904E01C26650B00FFE0C6 /* Resources */,
			);
			buildRules = (
			);
			dependencies = (
				9C7904E41C26650B00FFE0C6 /* PBXTargetDependency */,
			);
			name = CDFLabsUITests;
			productName = CDFLabsUITests;
			productReference = 9C7904E21C26650B00FFE0C6 /* CDFLabsUITests.xctest */;
			productType = "com.apple.product-type.bundle.ui-testing";
		};
/* End PBXNativeTarget section */

/* Begin PBXProject section */
		9C7904BB1C26650B00FFE0C6 /* Project object */ = {
			isa = PBXProject;
			attributes = {
				LastSwiftUpdateCheck = 0720;
				LastUpgradeCheck = 0720;
				ORGANIZATIONNAME = "Qasim Iqbal";
				TargetAttributes = {
					9C7904C21C26650B00FFE0C6 = {
						CreatedOnToolsVersion = 7.2;
						DevelopmentTeam = 9WW42EGDE6;
					};
					9C7904D61C26650B00FFE0C6 = {
						CreatedOnToolsVersion = 7.2;
						TestTargetID = 9C7904C21C26650B00FFE0C6;
					};
					9C7904E11C26650B00FFE0C6 = {
						CreatedOnToolsVersion = 7.2;
						TestTargetID = 9C7904C21C26650B00FFE0C6;
					};
				};
			};
			buildConfigurationList = 9C7904BE1C26650B00FFE0C6 /* Build configuration list for PBXProject "CDFLabs" */;
			compatibilityVersion = "Xcode 3.2";
			developmentRegion = English;
			hasScannedForEncodings = 0;
			knownRegions = (
				en,
				Base,
			);
			mainGroup = 9C7904BA1C26650B00FFE0C6;
			productRefGroup = 9C7904C41C26650B00FFE0C6 /* Products */;
			projectDirPath = "";
			projectRoot = "";
			targets = (
				9C7904C21C26650B00FFE0C6 /* CDFLabs */,
				9C7904D61C26650B00FFE0C6 /* CDFLabsTests */,
				9C7904E11C26650B00FFE0C6 /* CDFLabsUITests */,
			);
		};
/* End PBXProject section */

/* Begin PBXResourcesBuildPhase section */
		9C7904C11C26650B00FFE0C6 /* Resources */ = {
			isa = PBXResourcesBuildPhase;
			buildActionMask = 2147483647;
			files = (
				9C52EAC61C3211B8007CC685 /* LaunchScreen.xib in Resources */,
				9C7904CE1C26650B00FFE0C6 /* Assets.xcassets in Resources */,
			);
			runOnlyForDeploymentPostprocessing = 0;
		};
		9C7904D51C26650B00FFE0C6 /* Resources */ = {
			isa = PBXResourcesBuildPhase;
			buildActionMask = 2147483647;
			files = (
			);
			runOnlyForDeploymentPostprocessing = 0;
		};
		9C7904E01C26650B00FFE0C6 /* Resources */ = {
			isa = PBXResourcesBuildPhase;
			buildActionMask = 2147483647;
			files = (
			);
			runOnlyForDeploymentPostprocessing = 0;
		};
/* End PBXResourcesBuildPhase section */

/* Begin PBXSourcesBuildPhase section */
		9C7904BF1C26650B00FFE0C6 /* Sources */ = {
			isa = PBXSourcesBuildPhase;
			buildActionMask = 2147483647;
			files = (
				9C52EABB1C31D0FD007CC685 /* MainController.swift in Sources */,
				9C52EAC21C31D214007CC685 /* LocationsViewController.swift in Sources */,
				9C52EAC01C31D20B007CC685 /* PrintersViewController.swift in Sources */,
				9C52EABE1C31D1FA007CC685 /* ComputersViewController.swift in Sources */,
				9C7904C71C26650B00FFE0C6 /* AppDelegate.swift in Sources */,
				9C7E5C9B1C33376800650437 /* Extensions.swift in Sources */,
			);
			runOnlyForDeploymentPostprocessing = 0;
		};
		9C7904D31C26650B00FFE0C6 /* Sources */ = {
			isa = PBXSourcesBuildPhase;
			buildActionMask = 2147483647;
			files = (
				9C7904DC1C26650B00FFE0C6 /* CDFLabsTests.swift in Sources */,
			);
			runOnlyForDeploymentPostprocessing = 0;
		};
		9C7904DE1C26650B00FFE0C6 /* Sources */ = {
			isa = PBXSourcesBuildPhase;
			buildActionMask = 2147483647;
			files = (
				9C7904E71C26650B00FFE0C6 /* CDFLabsUITests.swift in Sources */,
			);
			runOnlyForDeploymentPostprocessing = 0;
		};
/* End PBXSourcesBuildPhase section */

/* Begin PBXTargetDependency section */
		9C7904D91C26650B00FFE0C6 /* PBXTargetDependency */ = {
			isa = PBXTargetDependency;
			target = 9C7904C21C26650B00FFE0C6 /* CDFLabs */;
			targetProxy = 9C7904D81C26650B00FFE0C6 /* PBXContainerItemProxy */;
		};
		9C7904E41C26650B00FFE0C6 /* PBXTargetDependency */ = {
			isa = PBXTargetDependency;
			target = 9C7904C21C26650B00FFE0C6 /* CDFLabs */;
			targetProxy = 9C7904E31C26650B00FFE0C6 /* PBXContainerItemProxy */;
		};
/* End PBXTargetDependency section */

/* Begin XCBuildConfiguration section */
		9C7904E91C26650B00FFE0C6 /* Debug */ = {
			isa = XCBuildConfiguration;
			buildSettings = {
				ALWAYS_SEARCH_USER_PATHS = NO;
				CLANG_CXX_LANGUAGE_STANDARD = "gnu++0x";
				CLANG_CXX_LIBRARY = "libc++";
				CLANG_ENABLE_MODULES = YES;
				CLANG_ENABLE_OBJC_ARC = YES;
				CLANG_WARN_BOOL_CONVERSION = YES;
				CLANG_WARN_CONSTANT_CONVERSION = YES;
				CLANG_WARN_DIRECT_OBJC_ISA_USAGE = YES_ERROR;
				CLANG_WARN_EMPTY_BODY = YES;
				CLANG_WARN_ENUM_CONVERSION = YES;
				CLANG_WARN_INT_CONVERSION = YES;
				CLANG_WARN_OBJC_ROOT_CLASS = YES_ERROR;
				CLANG_WARN_UNREACHABLE_CODE = YES;
				CLANG_WARN__DUPLICATE_METHOD_MATCH = YES;
				"CODE_SIGN_IDENTITY[sdk=iphoneos*]" = "iPhone Developer";
				COPY_PHASE_STRIP = NO;
				DEBUG_INFORMATION_FORMAT = dwarf;
				ENABLE_STRICT_OBJC_MSGSEND = YES;
				ENABLE_TESTABILITY = YES;
				GCC_C_LANGUAGE_STANDARD = gnu99;
				GCC_DYNAMIC_NO_PIC = NO;
				GCC_NO_COMMON_BLOCKS = YES;
				GCC_OPTIMIZATION_LEVEL = 0;
				GCC_PREPROCESSOR_DEFINITIONS = (
					"DEBUG=1",
					"$(inherited)",
				);
				GCC_WARN_64_TO_32_BIT_CONVERSION = YES;
				GCC_WARN_ABOUT_RETURN_TYPE = YES_ERROR;
				GCC_WARN_UNDECLARED_SELECTOR = YES;
				GCC_WARN_UNINITIALIZED_AUTOS = YES_AGGRESSIVE;
				GCC_WARN_UNUSED_FUNCTION = YES;
				GCC_WARN_UNUSED_VARIABLE = YES;
				IPHONEOS_DEPLOYMENT_TARGET = 9.2;
				MTL_ENABLE_DEBUG_INFO = YES;
				ONLY_ACTIVE_ARCH = YES;
				SDKROOT = iphoneos;
				SWIFT_OPTIMIZATION_LEVEL = "-Onone";
			};
			name = Debug;
		};
		9C7904EA1C26650B00FFE0C6 /* Release */ = {
			isa = XCBuildConfiguration;
			buildSettings = {
				ALWAYS_SEARCH_USER_PATHS = NO;
				CLANG_CXX_LANGUAGE_STANDARD = "gnu++0x";
				CLANG_CXX_LIBRARY = "libc++";
				CLANG_ENABLE_MODULES = YES;
				CLANG_ENABLE_OBJC_ARC = YES;
				CLANG_WARN_BOOL_CONVERSION = YES;
				CLANG_WARN_CONSTANT_CONVERSION = YES;
				CLANG_WARN_DIRECT_OBJC_ISA_USAGE = YES_ERROR;
				CLANG_WARN_EMPTY_BODY = YES;
				CLANG_WARN_ENUM_CONVERSION = YES;
				CLANG_WARN_INT_CONVERSION = YES;
				CLANG_WARN_OBJC_ROOT_CLASS = YES_ERROR;
				CLANG_WARN_UNREACHABLE_CODE = YES;
				CLANG_WARN__DUPLICATE_METHOD_MATCH = YES;
				"CODE_SIGN_IDENTITY[sdk=iphoneos*]" = "iPhone Developer";
				COPY_PHASE_STRIP = NO;
				DEBUG_INFORMATION_FORMAT = "dwarf-with-dsym";
				ENABLE_NS_ASSERTIONS = NO;
				ENABLE_STRICT_OBJC_MSGSEND = YES;
				GCC_C_LANGUAGE_STANDARD = gnu99;
				GCC_NO_COMMON_BLOCKS = YES;
				GCC_WARN_64_TO_32_BIT_CONVERSION = YES;
				GCC_WARN_ABOUT_RETURN_TYPE = YES_ERROR;
				GCC_WARN_UNDECLARED_SELECTOR = YES;
				GCC_WARN_UNINITIALIZED_AUTOS = YES_AGGRESSIVE;
				GCC_WARN_UNUSED_FUNCTION = YES;
				GCC_WARN_UNUSED_VARIABLE = YES;
				IPHONEOS_DEPLOYMENT_TARGET = 9.2;
				MTL_ENABLE_DEBUG_INFO = NO;
				SDKROOT = iphoneos;
				VALIDATE_PRODUCT = YES;
			};
			name = Release;
		};
		9C7904EC1C26650B00FFE0C6 /* Debug */ = {
			isa = XCBuildConfiguration;
			buildSettings = {
				ASSETCATALOG_COMPILER_APPICON_NAME = AppIcon;
				CODE_SIGN_IDENTITY = "iPhone Developer";
				INFOPLIST_FILE = CDFLabs/Info.plist;
				IPHONEOS_DEPLOYMENT_TARGET = 9.2;
				LD_RUNPATH_SEARCH_PATHS = "$(inherited) @executable_path/Frameworks";
				PRODUCT_BUNDLE_IDENTIFIER = QI.CDFLabs;
				PRODUCT_NAME = "$(TARGET_NAME)";
			};
			name = Debug;
		};
		9C7904ED1C26650B00FFE0C6 /* Release */ = {
			isa = XCBuildConfiguration;
			buildSettings = {
				ASSETCATALOG_COMPILER_APPICON_NAME = AppIcon;
				CODE_SIGN_IDENTITY = "iPhone Developer";
				INFOPLIST_FILE = CDFLabs/Info.plist;
				IPHONEOS_DEPLOYMENT_TARGET = 9.2;
				LD_RUNPATH_SEARCH_PATHS = "$(inherited) @executable_path/Frameworks";
				PRODUCT_BUNDLE_IDENTIFIER = QI.CDFLabs;
				PRODUCT_NAME = "$(TARGET_NAME)";
			};
			name = Release;
		};
		9C7904EF1C26650B00FFE0C6 /* Debug */ = {
			isa = XCBuildConfiguration;
			buildSettings = {
				BUNDLE_LOADER = "$(TEST_HOST)";
				INFOPLIST_FILE = CDFLabsTests/Info.plist;
				LD_RUNPATH_SEARCH_PATHS = "$(inherited) @executable_path/Frameworks @loader_path/Frameworks";
				PRODUCT_BUNDLE_IDENTIFIER = QI.CDFLabsTests;
				PRODUCT_NAME = "$(TARGET_NAME)";
				TEST_HOST = "$(BUILT_PRODUCTS_DIR)/CDFLabs.app/CDFLabs";
			};
			name = Debug;
		};
		9C7904F01C26650B00FFE0C6 /* Release */ = {
			isa = XCBuildConfiguration;
			buildSettings = {
				BUNDLE_LOADER = "$(TEST_HOST)";
				INFOPLIST_FILE = CDFLabsTests/Info.plist;
				LD_RUNPATH_SEARCH_PATHS = "$(inherited) @executable_path/Frameworks @loader_path/Frameworks";
				PRODUCT_BUNDLE_IDENTIFIER = QI.CDFLabsTests;
				PRODUCT_NAME = "$(TARGET_NAME)";
				TEST_HOST = "$(BUILT_PRODUCTS_DIR)/CDFLabs.app/CDFLabs";
			};
			name = Release;
		};
		9C7904F21C26650B00FFE0C6 /* Debug */ = {
			isa = XCBuildConfiguration;
			buildSettings = {
				INFOPLIST_FILE = CDFLabsUITests/Info.plist;
				LD_RUNPATH_SEARCH_PATHS = "$(inherited) @executable_path/Frameworks @loader_path/Frameworks";
				PRODUCT_BUNDLE_IDENTIFIER = QI.CDFLabsUITests;
				PRODUCT_NAME = "$(TARGET_NAME)";
				TEST_TARGET_NAME = CDFLabs;
				USES_XCTRUNNER = YES;
			};
			name = Debug;
		};
		9C7904F31C26650B00FFE0C6 /* Release */ = {
			isa = XCBuildConfiguration;
			buildSettings = {
				INFOPLIST_FILE = CDFLabsUITests/Info.plist;
				LD_RUNPATH_SEARCH_PATHS = "$(inherited) @executable_path/Frameworks @loader_path/Frameworks";
				PRODUCT_BUNDLE_IDENTIFIER = QI.CDFLabsUITests;
				PRODUCT_NAME = "$(TARGET_NAME)";
				TEST_TARGET_NAME = CDFLabs;
				USES_XCTRUNNER = YES;
			};
			name = Release;
		};
/* End XCBuildConfiguration section */

/* Begin XCConfigurationList section */
		9C7904BE1C26650B00FFE0C6 /* Build configuration list for PBXProject "CDFLabs" */ = {
			isa = XCConfigurationList;
			buildConfigurations = (
				9C7904E91C26650B00FFE0C6 /* Debug */,
				9C7904EA1C26650B00FFE0C6 /* Release */,
			);
			defaultConfigurationIsVisible = 0;
			defaultConfigurationName = Release;
		};
		9C7904EB1C26650B00FFE0C6 /* Build configuration list for PBXNativeTarget "CDFLabs" */ = {
			isa = XCConfigurationList;
			buildConfigurations = (
				9C7904EC1C26650B00FFE0C6 /* Debug */,
				9C7904ED1C26650B00FFE0C6 /* Release */,
			);
			defaultConfigurationIsVisible = 0;
			defaultConfigurationName = Release;
		};
		9C7904EE1C26650B00FFE0C6 /* Build configuration list for PBXNativeTarget "CDFLabsTests" */ = {
			isa = XCConfigurationList;
			buildConfigurations = (
				9C7904EF1C26650B00FFE0C6 /* Debug */,
				9C7904F01C26650B00FFE0C6 /* Release */,
			);
			defaultConfigurationIsVisible = 0;
			defaultConfigurationName = Release;
		};
		9C7904F11C26650B00FFE0C6 /* Build configuration list for PBXNativeTarget "CDFLabsUITests" */ = {
			isa = XCConfigurationList;
			buildConfigurations = (
				9C7904F21C26650B00FFE0C6 /* Debug */,
				9C7904F31C26650B00FFE0C6 /* Release */,
			);
			defaultConfigurationIsVisible = 0;
			defaultConfigurationName = Release;
		};
/* End XCConfigurationList section */
	};
	rootObject = 9C7904BB1C26650B00FFE0C6 /* Project object */;
}
